
Microsoft Visual Studio Solution File, Format Version 12.00
# Visual Studio Version 17
VisualStudioVersion = 17.5.33516.290
MinimumVisualStudioVersion = 10.0.40219.1
Project("{FAE04EC0-301F-11D3-BF4B-00C04F79EFBC}") = "GSOD-DataProcessor", "GSOD-DataProcessor\GSOD-DataProcessor.csproj", "{8646FC41-EFA0-4190-95FE-8B8F8A10B90D}"
EndProject
Global
	GlobalSection(SolutionConfigurationPlatforms) = preSolution
		Debug|Any CPU = Debug|Any CPU
		Release|Any CPU = Release|Any CPU
	EndGlobalSection
	GlobalSection(ProjectConfigurationPlatforms) = postSolution
		{8646FC41-EFA0-4190-95FE-8B8F8A10B90D}.Debug|Any CPU.ActiveCfg = Debug|Any CPU
		{8646FC41-EFA0-4190-95FE-8B8F8A10B90D}.Debug|Any CPU.Build.0 = Debug|Any CPU
		{8646FC41-EFA0-4190-95FE-8B8F8A10B90D}.Release|Any CPU.ActiveCfg = Release|Any CPU
		{8646FC41-EFA0-4190-95FE-8B8F8A10B90D}.Release|Any CPU.Build.0 = Release|Any CPU
	EndGlobalSection
	GlobalSection(SolutionProperties) = preSolution
		HideSolutionNode = FALSE
	EndGlobalSection
	GlobalSection(ExtensibilityGlobals) = postSolution
		SolutionGuid = {C125AD67-C26B-4C79-814E-31593FE7BD2E}
	EndGlobalSection
EndGlobal
